
Microsoft Visual Studio Solution File, Format Version 12.00
# Visual Studio Version 17
VisualStudioVersion = 17.4.33122.133
MinimumVisualStudioVersion = 10.0.40219.1
Project("{FAE04EC0-301F-11D3-BF4B-00C04F79EFBC}") = "RegularExpressionProgram", "RegularExpressionProgram\RegularExpressionProgram.csproj", "{ECE0B200-0748-45BB-8C96-F657F2F643DA}"
EndProject
Global
	GlobalSection(SolutionConfigurationPlatforms) = preSolution
		Debug|Any CPU = Debug|Any CPU
		Release|Any CPU = Release|Any CPU
	EndGlobalSection
	GlobalSection(ProjectConfigurationPlatforms) = postSolution
		{ECE0B200-0748-45BB-8C96-F657F2F643DA}.Debug|Any CPU.ActiveCfg = Debug|Any CPU
		{ECE0B200-0748-45BB-8C96-F657F2F643DA}.Debug|Any CPU.Build.0 = Debug|Any CPU
		{ECE0B200-0748-45BB-8C96-F657F2F643DA}.Release|Any CPU.ActiveCfg = Release|Any CPU
		{ECE0B200-0748-45BB-8C96-F657F2F643DA}.Release|Any CPU.Build.0 = Release|Any CPU
	EndGlobalSection
	GlobalSection(SolutionProperties) = preSolution
		HideSolutionNode = FALSE
	EndGlobalSection
	GlobalSection(ExtensibilityGlobals) = postSolution
		SolutionGuid = {B6A9B580-2B75-4193-B3FB-89973FE2075D}
	EndGlobalSection
EndGlobal
